
Microsoft Visual Studio Solution File, Format Version 12.00
# Visual Studio 15
VisualStudioVersion = 15.0.33403.129
MinimumVisualStudioVersion = 10.0.40219.1
Project("{FAE04EC0-301F-11D3-BF4B-00C04F79EFBC}") = "teacher_schedule_project", "teacher_schedule_project\teacher_schedule_project.csproj", "{3FDC19C8-39CA-44F3-82F0-44A7F45B6F13}"
EndProject
Global
	GlobalSection(SolutionConfigurationPlatforms) = preSolution
		Debug|Any CPU = Debug|Any CPU
		Release|Any CPU = Release|Any CPU
	EndGlobalSection
	GlobalSection(ProjectConfigurationPlatforms) = postSolution
		{3FDC19C8-39CA-44F3-82F0-44A7F45B6F13}.Debug|Any CPU.ActiveCfg = Debug|Any CPU
		{3FDC19C8-39CA-44F3-82F0-44A7F45B6F13}.Debug|Any CPU.Build.0 = Debug|Any CPU
		{3FDC19C8-39CA-44F3-82F0-44A7F45B6F13}.Release|Any CPU.ActiveCfg = Release|Any CPU
		{3FDC19C8-39CA-44F3-82F0-44A7F45B6F13}.Release|Any CPU.Build.0 = Release|Any CPU
	EndGlobalSection
	GlobalSection(SolutionProperties) = preSolution
		HideSolutionNode = FALSE
	EndGlobalSection
	GlobalSection(ExtensibilityGlobals) = postSolution
		SolutionGuid = {3984F9C4-2EC1-4688-9341-AF189A711BD7}
	EndGlobalSection
EndGlobal
